
Microsoft Visual Studio Solution File, Format Version 12.00
# Visual Studio Version 16
VisualStudioVersion = 16.0.31205.134
MinimumVisualStudioVersion = 10.0.40219.1
Project("{FAE04EC0-301F-11D3-BF4B-00C04F79EFBC}") = "BluespecApp.UWP", "TestAppWebView.UWP\BluespecApp.UWP.csproj", "{12EEF1A5-BFFD-478B-85B2-5457C5211270}"
EndProject
Project("{FAE04EC0-301F-11D3-BF4B-00C04F79EFBC}") = "TestAppWebView.Android", "TestAppWebView.Android\TestAppWebView.Android.csproj", "{3220D54B-5BFC-4065-A04C-40482D06068D}"
EndProject
Project("{FAE04EC0-301F-11D3-BF4B-00C04F79EFBC}") = "TestAppWebView.iOS", "TestAppWebView.iOS\TestAppWebView.iOS.csproj", "{7B94BEFA-378A-49CC-A1D3-8EDE9906AA0F}"
EndProject
Project("{9A19103F-16F7-4668-BE54-9A1E7A4F7556}") = "TestAppWebView", "TestAppWebView\TestAppWebView.csproj", "{80D9D301-5741-4F49-B84D-C3F01BAF3008}"
EndProject
Global
	GlobalSection(SolutionConfigurationPlatforms) = preSolution
		Debug|Any CPU = Debug|Any CPU
		Debug|ARM = Debug|ARM
		Debug|iPhone = Debug|iPhone
		Debug|iPhoneSimulator = Debug|iPhoneSimulator
		Debug|x64 = Debug|x64
		Debug|x86 = Debug|x86
		Release|Any CPU = Release|Any CPU
		Release|ARM = Release|ARM
		Release|iPhone = Release|iPhone
		Release|iPhoneSimulator = Release|iPhoneSimulator
		Release|x64 = Release|x64
		Release|x86 = Release|x86
	EndGlobalSection
	GlobalSection(ProjectConfigurationPlatforms) = postSolution
		{12EEF1A5-BFFD-478B-85B2-5457C5211270}.Debug|Any CPU.ActiveCfg = Debug|x86
		{12EEF1A5-BFFD-478B-85B2-5457C5211270}.Debug|Any CPU.Build.0 = Debug|x86
		{12EEF1A5-BFFD-478B-85B2-5457C5211270}.Debug|Any CPU.Deploy.0 = Debug|x86
		{12EEF1A5-BFFD-478B-85B2-5457C5211270}.Debug|ARM.ActiveCfg = Debug|ARM
		{12EEF1A5-BFFD-478B-85B2-5457C5211270}.Debug|ARM.Build.0 = Debug|ARM
		{12EEF1A5-BFFD-478B-85B2-5457C5211270}.Debug|ARM.Deploy.0 = Debug|ARM
		{12EEF1A5-BFFD-478B-85B2-5457C5211270}.Debug|iPhone.ActiveCfg = Debug|x86
		{12EEF1A5-BFFD-478B-85B2-5457C5211270}.Debug|iPhone.Build.0 = Debug|x86
		{12EEF1A5-BFFD-478B-85B2-5457C5211270}.Debug|iPhone.Deploy.0 = Debug|x86
		{12EEF1A5-BFFD-478B-85B2-5457C5211270}.Debug|iPhoneSimulator.ActiveCfg = Debug|x86
		{12EEF1A5-BFFD-478B-85B2-5457C5211270}.Debug|iPhoneSimulator.Build.0 = Debug|x86
		{12EEF1A5-BFFD-478B-85B2-5457C5211270}.Debug|iPhoneSimulator.Deploy.0 = Debug|x86
		{12EEF1A5-BFFD-478B-85B2-5457C5211270}.Debug|x64.ActiveCfg = Debug|x64
		{12EEF1A5-BFFD-478B-85B2-5457C5211270}.Debug|x64.Build.0 = Debug|x64
		{12EEF1A5-BFFD-478B-85B2-5457C5211270}.Debug|x64.Deploy.0 = Debug|x64
		{12EEF1A5-BFFD-478B-85B2-5457C5211270}.Debug|x86.ActiveCfg = Debug|x86
		{12EEF1A5-BFFD-478B-85B2-5457C5211270}.Debug|x86.Build.0 = Debug|x86
		{12EEF1A5-BFFD-478B-85B2-5457C5211270}.Debug|x86.Deploy.0 = Debug|x86
		{12EEF1A5-BFFD-478B-85B2-5457C5211270}.Release|Any CPU.ActiveCfg = Release|x86
		{12EEF1A5-BFFD-478B-85B2-5457C5211270}.Release|Any CPU.Build.0 = Release|x86
		{12EEF1A5-BFFD-478B-85B2-5457C5211270}.Release|Any CPU.Deploy.0 = Release|x86
		{12EEF1A5-BFFD-478B-85B2-5457C5211270}.Release|ARM.ActiveCfg = Release|ARM
		{12EEF1A5-BFFD-478B-85B2-5457C5211270}.Release|ARM.Build.0 = Release|ARM
		{12EEF1A5-BFFD-478B-85B2-5457C5211270}.Release|ARM.Deploy.0 = Release|ARM
		{12EEF1A5-BFFD-478B-85B2-5457C5211270}.Release|iPhone.ActiveCfg = Release|x86
		{12EEF1A5-BFFD-478B-85B2-5457C5211270}.Release|iPhone.Build.0 = Release|x86
		{12EEF1A5-BFFD-478B-85B2-5457C5211270}.Release|iPhone.Deploy.0 = Release|x86
		{12EEF1A5-BFFD-478B-85B2-5457C5211270}.Release|iPhoneSimulator.ActiveCfg = Release|x86
		{12EEF1A5-BFFD-478B-85B2-5457C5211270}.Release|iPhoneSimulator.Build.0 = Release|x86
		{12EEF1A5-BFFD-478B-85B2-5457C5211270}.Release|iPhoneSimulator.Deploy.0 = Release|x86
		{12EEF1A5-BFFD-478B-85B2-5457C5211270}.Release|x64.ActiveCfg = Release|x64
		{12EEF1A5-BFFD-478B-85B2-5457C5211270}.Release|x64.Build.0 = Release|x64
		{12EEF1A5-BFFD-478B-85B2-5457C5211270}.Release|x64.Deploy.0 = Release|x64
		{12EEF1A5-BFFD-478B-85B2-5457C5211270}.Release|x86.ActiveCfg = Release|x86
		{12EEF1A5-BFFD-478B-85B2-5457C5211270}.Release|x86.Build.0 = Release|x86
		{12EEF1A5-BFFD-478B-85B2-5457C5211270}.Release|x86.Deploy.0 = Release|x86
		{3220D54B-5BFC-4065-A04C-40482D06068D}.Debug|Any CPU.ActiveCfg = Debug|Any CPU
		{3220D54B-5BFC-4065-A04C-40482D06068D}.Debug|Any CPU.Build.0 = Debug|Any CPU
		{3220D54B-5BFC-4065-A04C-40482D06068D}.Debug|Any CPU.Deploy.0 = Debug|Any CPU
		{3220D54B-5BFC-4065-A04C-40482D06068D}.Debug|ARM.ActiveCfg = Debug|Any CPU
		{3220D54B-5BFC-4065-A04C-40482D06068D}.Debug|ARM.Build.0 = Debug|Any CPU
		{3220D54B-5BFC-4065-A04C-40482D06068D}.Debug|ARM.Deploy.0 = Debug|Any CPU
		{3220D54B-5BFC-4065-A04C-40482D06068D}.Debug|iPhone.ActiveCfg = Debug|Any CPU
		{3220D54B-5BFC-4065-A04C-40482D06068D}.Debug|iPhone.Build.0 = Debug|Any CPU
		{3220D54B-5BFC-4065-A04C-40482D06068D}.Debug|iPhone.Deploy.0 = Debug|Any CPU
		{3220D54B-5BFC-4065-A04C-40482D06068D}.Debug|iPhoneSimulator.ActiveCfg = Debug|Any CPU
		{3220D54B-5BFC-4065-A04C-40482D06068D}.Debug|iPhoneSimulator.Build.0 = Debug|Any CPU
		{3220D54B-5BFC-4065-A04C-40482D06068D}.Debug|iPhoneSimulator.Deploy.0 = Debug|Any CPU
		{3220D54B-5BFC-4065-A04C-40482D06068D}.Debug|x64.ActiveCfg = Debug|Any CPU
		{3220D54B-5BFC-4065-A04C-40482D06068D}.Debug|x64.Build.0 = Debug|Any CPU
		{3220D54B-5BFC-4065-A04C-40482D06068D}.Debug|x64.Deploy.0 = Debug|Any CPU
		{3220D54B-5BFC-4065-A04C-40482D06068D}.Debug|x86.ActiveCfg = Debug|Any CPU
		{3220D54B-5BFC-4065-A04C-40482D06068D}.Debug|x86.Build.0 = Debug|Any CPU
		{3220D54B-5BFC-4065-A04C-40482D06068D}.Debug|x86.Deploy.0 = Debug|Any CPU
		{3220D54B-5BFC-4065-A04C-40482D06068D}.Release|Any CPU.ActiveCfg = Release|Any CPU
		{3220D54B-5BFC-4065-A04C-40482D06068D}.Release|Any CPU.Build.0 = Release|Any CPU
		{3220D54B-5BFC-4065-A04C-40482D06068D}.Release|Any CPU.Deploy.0 = Release|Any CPU
		{3220D54B-5BFC-4065-A04C-40482D06068D}.Release|ARM.ActiveCfg = Release|Any CPU
		{3220D54B-5BFC-4065-A04C-40482D06068D}.Release|ARM.Build.0 = Release|Any CPU
		{3220D54B-5BFC-4065-A04C-40482D06068D}.Release|ARM.Deploy.0 = Release|Any CPU
		{3220D54B-5BFC-4065-A04C-40482D06068D}.Release|iPhone.ActiveCfg = Release|Any CPU
		{3220D54B-5BFC-4065-A04C-40482D06068D}.Release|iPhone.Build.0 = Release|Any CPU
		{3220D54B-5BFC-4065-A04C-40482D06068D}.Release|iPhone.Deploy.0 = Release|Any CPU
		{3220D54B-5BFC-4065-A04C-40482D06068D}.Release|iPhoneSimulator.ActiveCfg = Release|Any CPU
		{3220D54B-5BFC-4065-A04C-40482D06068D}.Release|iPhoneSimulator.Build.0 = Release|Any CPU
		{3220D54B-5BFC-4065-A04C-40482D06068D}.Release|iPhoneSimulator.Deploy.0 = Release|Any CPU
		{3220D54B-5BFC-4065-A04C-40482D06068D}.Release|x64.ActiveCfg = Release|Any CPU
		{3220D54B-5BFC-4065-A04C-40482D06068D}.Release|x64.Build.0 = Release|Any CPU
		{3220D54B-5BFC-4065-A04C-40482D06068D}.Release|x64.Deploy.0 = Release|Any CPU
		{3220D54B-5BFC-4065-A04C-40482D06068D}.Release|x86.ActiveCfg = Release|Any CPU
		{3220D54B-5BFC-4065-A04C-40482D06068D}.Release|x86.Build.0 = Release|Any CPU
		{3220D54B-5BFC-4065-A04C-40482D06068D}.Release|x86.Deploy.0 = Release|Any CPU
		{7B94BEFA-378A-49CC-A1D3-8EDE9906AA0F}.Debug|Any CPU.ActiveCfg = Debug|iPhoneSimulator
		{7B94BEFA-378A-49CC-A1D3-8EDE9906AA0F}.Debug|Any CPU.Build.0 = Debug|iPhoneSimulator
		{7B94BEFA-378A-49CC-A1D3-8EDE9906AA0F}.Debug|Any CPU.Deploy.0 = Debug|iPhoneSimulator
		{7B94BEFA-378A-49CC-A1D3-8EDE9906AA0F}.Debug|ARM.ActiveCfg = Debug|iPhone
		{7B94BEFA-378A-49CC-A1D3-8EDE9906AA0F}.Debug|ARM.Build.0 = Debug|iPhone
		{7B94BEFA-378A-49CC-A1D3-8EDE9906AA0F}.Debug|ARM.Deploy.0 = Debug|iPhone
		{7B94BEFA-378A-49CC-A1D3-8EDE9906AA0F}.Debug|iPhone.ActiveCfg = Debug|iPhone
		{7B94BEFA-378A-49CC-A1D3-8EDE9906AA0F}.Debug|iPhone.Build.0 = Debug|iPhone
		{7B94BEFA-378A-49CC-A1D3-8EDE9906AA0F}.Debug|iPhone.Deploy.0 = Debug|iPhone
		{7B94BEFA-378A-49CC-A1D3-8EDE9906AA0F}.Debug|iPhoneSimulator.ActiveCfg = Debug|iPhoneSimulator
		{7B94BEFA-378A-49CC-A1D3-8EDE9906AA0F}.Debug|iPhoneSimulator.Build.0 = Debug|iPhoneSimulator
		{7B94BEFA-378A-49CC-A1D3-8EDE9906AA0F}.Debug|iPhoneSimulator.Deploy.0 = Debug|iPhoneSimulator
		{7B94BEFA-378A-49CC-A1D3-8EDE9906AA0F}.Debug|x64.ActiveCfg = Debug|iPhoneSimulator
		{7B94BEFA-378A-49CC-A1D3-8EDE9906AA0F}.Debug|x64.Build.0 = Debug|iPhoneSimulator
		{7B94BEFA-378A-49CC-A1D3-8EDE9906AA0F}.Debug|x64.Deploy.0 = Debug|iPhoneSimulator
		{7B94BEFA-378A-49CC-A1D3-8EDE9906AA0F}.Debug|x86.ActiveCfg = Debug|iPhoneSimulator
		{7B94BEFA-378A-49CC-A1D3-8EDE9906AA0F}.Debug|x86.Build.0 = Debug|iPhoneSimulator
		{7B94BEFA-378A-49CC-A1D3-8EDE9906AA0F}.Debug|x86.Deploy.0 = Debug|iPhoneSimulator
		{7B94BEFA-378A-49CC-A1D3-8EDE9906AA0F}.Release|Any CPU.ActiveCfg = Release|iPhoneSimulator
		{7B94BEFA-378A-49CC-A1D3-8EDE9906AA0F}.Release|Any CPU.Build.0 = Release|iPhoneSimulator
		{7B94BEFA-378A-49CC-A1D3-8EDE9906AA0F}.Release|Any CPU.Deploy.0 = Release|iPhoneSimulator
		{7B94BEFA-378A-49CC-A1D3-8EDE9906AA0F}.Release|ARM.ActiveCfg = Release|iPhoneSimulator
		{7B94BEFA-378A-49CC-A1D3-8EDE9906AA0F}.Release|ARM.Build.0 = Release|iPhoneSimulator
		{7B94BEFA-378A-49CC-A1D3-8EDE9906AA0F}.Release|ARM.Deploy.0 = Release|iPhoneSimulator
		{7B94BEFA-378A-49CC-A1D3-8EDE9906AA0F}.Release|iPhone.ActiveCfg = Release|iPhone
		{7B94BEFA-378A-49CC-A1D3-8EDE9906AA0F}.Release|iPhone.Build.0 = Release|iPhone
		{7B94BEFA-378A-49CC-A1D3-8EDE9906AA0F}.Release|iPhone.Deploy.0 = Release|iPhone
		{7B94BEFA-378A-49CC-A1D3-8EDE9906AA0F}.Release|iPhoneSimulator.ActiveCfg = Release|iPhoneSimulator
		{7B94BEFA-378A-49CC-A1D3-8EDE9906AA0F}.Release|iPhoneSimulator.Build.0 = Release|iPhoneSimulator
		{7B94BEFA-378A-49CC-A1D3-8EDE9906AA0F}.Release|iPhoneSimulator.Deploy.0 = Release|iPhoneSimulator
		{7B94BEFA-378A-49CC-A1D3-8EDE9906AA0F}.Release|x64.ActiveCfg = Release|iPhoneSimulator
		{7B94BEFA-378A-49CC-A1D3-8EDE9906AA0F}.Release|x64.Build.0 = Release|iPhoneSimulator
		{7B94BEFA-378A-49CC-A1D3-8EDE9906AA0F}.Release|x64.Deploy.0 = Release|iPhoneSimulator
		{7B94BEFA-378A-49CC-A1D3-8EDE9906AA0F}.Release|x86.ActiveCfg = Release|iPhoneSimulator
		{7B94BEFA-378A-49CC-A1D3-8EDE9906AA0F}.Release|x86.Build.0 = Release|iPhoneSimulator
		{7B94BEFA-378A-49CC-A1D3-8EDE9906AA0F}.Release|x86.Deploy.0 = Release|iPhoneSimulator
		{80D9D301-5741-4F49-B84D-C3F01BAF3008}.Debug|Any CPU.ActiveCfg = Debug|Any CPU
		{80D9D301-5741-4F49-B84D-C3F01BAF3008}.Debug|Any CPU.Build.0 = Debug|Any CPU
		{80D9D301-5741-4F49-B84D-C3F01BAF3008}.Debug|Any CPU.Deploy.0 = Debug|Any CPU
		{80D9D301-5741-4F49-B84D-C3F01BAF3008}.Debug|ARM.ActiveCfg = Debug|Any CPU
		{80D9D301-5741-4F49-B84D-C3F01BAF3008}.Debug|ARM.Build.0 = Debug|Any CPU
		{80D9D301-5741-4F49-B84D-C3F01BAF3008}.Debug|ARM.Deploy.0 = Debug|Any CPU
		{80D9D301-5741-4F49-B84D-C3F01BAF3008}.Debug|iPhone.ActiveCfg = Debug|Any CPU
		{80D9D301-5741-4F49-B84D-C3F01BAF3008}.Debug|iPhone.Build.0 = Debug|Any CPU
		{80D9D301-5741-4F49-B84D-C3F01BAF3008}.Debug|iPhone.Deploy.0 = Debug|Any CPU
		{80D9D301-5741-4F49-B84D-C3F01BAF3008}.Debug|iPhoneSimulator.ActiveCfg = Debug|Any CPU
		{80D9D301-5741-4F49-B84D-C3F01BAF3008}.Debug|iPhoneSimulator.Build.0 = Debug|Any CPU
		{80D9D301-5741-4F49-B84D-C3F01BAF3008}.Debug|iPhoneSimulator.Deploy.0 = Debug|Any CPU
		{80D9D301-5741-4F49-B84D-C3F01BAF3008}.Debug|x64.ActiveCfg = Debug|Any CPU
		{80D9D301-5741-4F49-B84D-C3F01BAF3008}.Debug|x64.Build.0 = Debug|Any CPU
		{80D9D301-5741-4F49-B84D-C3F01BAF3008}.Debug|x64.Deploy.0 = Debug|Any CPU
		{80D9D301-5741-4F49-B84D-C3F01BAF3008}.Debug|x86.ActiveCfg = Debug|Any CPU
		{80D9D301-5741-4F49-B84D-C3F01BAF3008}.Debug|x86.Build.0 = Debug|Any CPU
		{80D9D301-5741-4F49-B84D-C3F01BAF3008}.Debug|x86.Deploy.0 = Debug|Any CPU
		{80D9D301-5741-4F49-B84D-C3F01BAF3008}.Release|Any CPU.ActiveCfg = Release|Any CPU
		{80D9D301-5741-4F49-B84D-C3F01BAF3008}.Release|Any CPU.Build.0 = Release|Any CPU
		{80D9D301-5741-4F49-B84D-C3F01BAF3008}.Release|Any CPU.Deploy.0 = Release|Any CPU
		{80D9D301-5741-4F49-B84D-C3F01BAF3008}.Release|ARM.ActiveCfg = Release|Any CPU
		{80D9D301-5741-4F49-B84D-C3F01BAF3008}.Release|ARM.Build.0 = Release|Any CPU
		{80D9D301-5741-4F49-B84D-C3F01BAF3008}.Release|ARM.Deploy.0 = Release|Any CPU
		{80D9D301-5741-4F49-B84D-C3F01BAF3008}.Release|iPhone.ActiveCfg = Release|Any CPU
		{80D9D301-5741-4F49-B84D-C3F01BAF3008}.Release|iPhone.Build.0 = Release|Any CPU
		{80D9D301-5741-4F49-B84D-C3F01BAF3008}.Release|iPhone.Deploy.0 = Release|Any CPU
		{80D9D301-5741-4F49-B84D-C3F01BAF3008}.Release|iPhoneSimulator.ActiveCfg = Release|Any CPU
		{80D9D301-5741-4F49-B84D-C3F01BAF3008}.Release|iPhoneSimulator.Build.0 = Release|Any CPU
		{80D9D301-5741-4F49-B84D-C3F01BAF3008}.Release|iPhoneSimulator.Deploy.0 = Release|Any CPU
		{80D9D301-5741-4F49-B84D-C3F01BAF3008}.Release|x64.ActiveCfg = Release|Any CPU
		{80D9D301-5741-4F49-B84D-C3F01BAF3008}.Release|x64.Build.0 = Release|Any CPU
		{80D9D301-5741-4F49-B84D-C3F01BAF3008}.Release|x64.Deploy.0 = Release|Any CPU
		{80D9D301-5741-4F49-B84D-C3F01BAF3008}.Release|x86.ActiveCfg = Release|Any CPU
		{80D9D301-5741-4F49-B84D-C3F01BAF3008}.Release|x86.Build.0 = Release|Any CPU
		{80D9D301-5741-4F49-B84D-C3F01BAF3008}.Release|x86.Deploy.0 = Release|Any CPU
	EndGlobalSection
	GlobalSection(SolutionProperties) = preSolution
		HideSolutionNode = FALSE
	EndGlobalSection
	GlobalSection(ExtensibilityGlobals) = postSolution
		SolutionGuid = {EA7C1B4E-62F6-477E-875D-E004F8CBD56F}
	EndGlobalSection
EndGlobal
